
Microsoft Visual Studio Solution File, Format Version 12.00
# Visual Studio Version 17
VisualStudioVersion = 17.3.32825.248
MinimumVisualStudioVersion = 10.0.40219.1
Project("{8BC9CEB8-8B4A-11D0-8D11-00A0C91BC942}") = "DataConteiners", "DataConteiners\DataConteiners.vcxproj", "{4448E6B1-0D48-40C5-A32E-A3FEAFE42EDD}"
EndProject
Project("{8BC9CEB8-8B4A-11D0-8D11-00A0C91BC942}") = "ForwardList", "ForwardList\ForwardList.vcxproj", "{B4F83241-801F-4832-B752-725B78E5E263}"
EndProject
Global
	GlobalSection(SolutionConfigurationPlatforms) = preSolution
		Debug|x64 = Debug|x64
		Debug|x86 = Debug|x86
		Release|x64 = Release|x64
		Release|x86 = Release|x86
	EndGlobalSection
	GlobalSection(ProjectConfigurationPlatforms) = postSolution
		{4448E6B1-0D48-40C5-A32E-A3FEAFE42EDD}.Debug|x64.ActiveCfg = Debug|x64
		{4448E6B1-0D48-40C5-A32E-A3FEAFE42EDD}.Debug|x64.Build.0 = Debug|x64
		{4448E6B1-0D48-40C5-A32E-A3FEAFE42EDD}.Debug|x86.ActiveCfg = Debug|Win32
		{4448E6B1-0D48-40C5-A32E-A3FEAFE42EDD}.Debug|x86.Build.0 = Debug|Win32
		{4448E6B1-0D48-40C5-A32E-A3FEAFE42EDD}.Release|x64.ActiveCfg = Release|x64
		{4448E6B1-0D48-40C5-A32E-A3FEAFE42EDD}.Release|x64.Build.0 = Release|x64
		{4448E6B1-0D48-40C5-A32E-A3FEAFE42EDD}.Release|x86.ActiveCfg = Release|Win32
		{4448E6B1-0D48-40C5-A32E-A3FEAFE42EDD}.Release|x86.Build.0 = Release|Win32
		{B4F83241-801F-4832-B752-725B78E5E263}.Debug|x64.ActiveCfg = Debug|x64
		{B4F83241-801F-4832-B752-725B78E5E263}.Debug|x64.Build.0 = Debug|x64
		{B4F83241-801F-4832-B752-725B78E5E263}.Debug|x86.ActiveCfg = Debug|Win32
		{B4F83241-801F-4832-B752-725B78E5E263}.Debug|x86.Build.0 = Debug|Win32
		{B4F83241-801F-4832-B752-725B78E5E263}.Release|x64.ActiveCfg = Release|x64
		{B4F83241-801F-4832-B752-725B78E5E263}.Release|x64.Build.0 = Release|x64
		{B4F83241-801F-4832-B752-725B78E5E263}.Release|x86.ActiveCfg = Release|Win32
		{B4F83241-801F-4832-B752-725B78E5E263}.Release|x86.Build.0 = Release|Win32
	EndGlobalSection
	GlobalSection(SolutionProperties) = preSolution
		HideSolutionNode = FALSE
	EndGlobalSection
	GlobalSection(ExtensibilityGlobals) = postSolution
		SolutionGuid = {37A3B82A-15D5-43BF-91C5-20B24D08F480}
	EndGlobalSection
EndGlobal
